
Microsoft Visual Studio Solution File, Format Version 12.00
# Visual Studio Version 16
VisualStudioVersion = 16.0.30523.141
MinimumVisualStudioVersion = 10.0.40219.1
Project("{FAE04EC0-301F-11D3-BF4B-00C04F79EFBC}") = "2,1310", "2,1310.csproj", "{9A8D1E73-4432-4F20-88EB-01A868EC3DB3}"
EndProject
Global
	GlobalSection(SolutionConfigurationPlatforms) = preSolution
		Debug|Any CPU = Debug|Any CPU
		Release|Any CPU = Release|Any CPU
	EndGlobalSection
	GlobalSection(ProjectConfigurationPlatforms) = postSolution
		{9A8D1E73-4432-4F20-88EB-01A868EC3DB3}.Debug|Any CPU.ActiveCfg = Debug|Any CPU
		{9A8D1E73-4432-4F20-88EB-01A868EC3DB3}.Debug|Any CPU.Build.0 = Debug|Any CPU
		{9A8D1E73-4432-4F20-88EB-01A868EC3DB3}.Release|Any CPU.ActiveCfg = Release|Any CPU
		{9A8D1E73-4432-4F20-88EB-01A868EC3DB3}.Release|Any CPU.Build.0 = Release|Any CPU
	EndGlobalSection
	GlobalSection(SolutionProperties) = preSolution
		HideSolutionNode = FALSE
	EndGlobalSection
	GlobalSection(ExtensibilityGlobals) = postSolution
		SolutionGuid = {AB470019-8E6C-4818-98AB-C72DA6597AAA}
	EndGlobalSection
EndGlobal
